<?xml version="1.0" encoding="utf-8"?>
<Project ToolsVersion="4.0" xmlns="http://schemas.microsoft.com/developer/msbuild/2003">
  <ItemGroup>
    <Filter Include="Source Files">
      <UniqueIdentifier>{4FC737F1-C7A5-4376-A066-2A32D752A2FF}</UniqueIdentifier>
      <Extensions>cpp;c;cc;cxx;def;odl;idl;hpj;bat;asm;asmx</Extensions>
    </Filter>
    <Filter Include="Header Files">
      <UniqueIdentifier>{93995380-89BD-4b04-88EB-625FBE52EBFB}</UniqueIdentifier>
      <Extensions>h;hh;hpp;hxx;hm;inl;inc;xsd</Extensions>
    </Filter>
    <Filter Include="Resource Files">
      <UniqueIdentifier>{67DA6AB6-F800-4c08-8B7A-83BB121AAD01}</UniqueIdentifier>
      <Extensions>rc;ico;cur;bmp;dlg;rc2;rct;bin;rgs;gif;jpg;jpeg;jpe;resx;tiff;tif;png;wav;mfcribbon-ms</Extensions>
    </Filter>
    <Filter Include="Header Files\Framework">
      <UniqueIdentifier>{c4516427-ba9d-4182-81c4-0ac35fe449d9}</UniqueIdentifier>
    </Filter>
    <Filter Include="Source Files\Framework">
      <UniqueIdentifier>{74349a44-5f2d-4f3e-ac48-7e1e75590718}</UniqueIdentifier>
    </Filter>
  </ItemGroup>
  <ItemGroup>
    <ClCompile Include="Framework\console.cpp">
      <Filter>Source Files\Framework</Filter>
    </ClCompile>
    <ClCompile Include="Framework\timer.cpp">
      <Filter>Source Files\Framework</Filter>
    </ClCompile>
    <ClCompile Include="main.cpp">
      <Filter>Source Files</Filter>
    </ClCompile>
    <ClCompile Include="LevelGenerator\LevelController.cpp">
      <Filter>Source Files</Filter>
    </ClCompile>
    <ClCompile Include="LevelGenerator\MapGenerator.cpp">
      <Filter>Source Files</Filter>
    </ClCompile>
    <ClCompile Include="GameController\GameClass.cpp">
      <Filter>Source Files</Filter>
    </ClCompile>
    <ClCompile Include="MenuControllers\PausedMenuController.cpp">
      <Filter>Source Files</Filter>
    </ClCompile>
    <ClCompile Include="MenuControllers\MenuController.cpp">
      <Filter>Source Files</Filter>
    </ClCompile>
  </ItemGroup>
  <ItemGroup>
    <ClInclude Include="Framework\console.h">
      <Filter>Header Files\Framework</Filter>
    </ClInclude>
    <ClInclude Include="Framework\timer.h">
      <Filter>Header Files\Framework</Filter>
    </ClInclude>
    <ClInclude Include="LevelGenerator\LevelController.h">
      <Filter>Header Files</Filter>
    </ClInclude>
    <ClInclude Include="LevelGenerator\MapGenerator.h">
      <Filter>Header Files</Filter>
    </ClInclude>
    <ClInclude Include="GameController\GameClass.h">
      <Filter>Header Files</Filter>
    </ClInclude>
    <ClInclude Include="MenuControllers\PausedMenuController.h">
      <Filter>Header Files</Filter>
    </ClInclude>
    <ClInclude Include="MenuControllers\MenuController.h">
      <Filter>Header Files</Filter>
    </ClInclude>
  </ItemGroup>
  <ItemGroup>
    <Text Include="map\STAGE01.txt" />
    <Text Include="map\STAGE02.txt" />
    <Text Include="map\STAGE03.txt" />
  </ItemGroup>
</Project>